# THIS IS AN AUTOGENERATED FILE. DO NOT EDIT THIS FILE DIRECTLY.
# yarn lockfile v1


js-num-format@^1.0.5:
  version "1.0.5"
  resolved "https://registry.npm.taobao.org/js-num-format/download/js-num-format-1.0.5.tgz#c16a9a3d8ec0210e51f2ff73017c56c4050632e0"
  integrity sha1-wWqaPY7AIQ5R8v9zAXxWxAUGMuA=
